
Microsoft Visual Studio Solution File, Format Version 12.00
# Visual Studio Version 16
VisualStudioVersion = 16.0.29025.244
MinimumVisualStudioVersion = 10.0.40219.1
Project("{FAE04EC0-301F-11D3-BF4B-00C04F79EFBC}") = "Console_0822", "Console_0822\Console_0822.csproj", "{FAC514E7-558C-40A7-A180-C8BBEB7176C5}"
EndProject
Project("{FAE04EC0-301F-11D3-BF4B-00C04F79EFBC}") = "ClassLibrary_0802", "ClassLibrary_0802\ClassLibrary_0802.csproj", "{D9928D87-1A9C-4A64-81D8-E8381AF15FF8}"
EndProject
Global
	GlobalSection(SolutionConfigurationPlatforms) = preSolution
		Debug|Any CPU = Debug|Any CPU
		Release|Any CPU = Release|Any CPU
	EndGlobalSection
	GlobalSection(ProjectConfigurationPlatforms) = postSolution
		{FAC514E7-558C-40A7-A180-C8BBEB7176C5}.Debug|Any CPU.ActiveCfg = Debug|Any CPU
		{FAC514E7-558C-40A7-A180-C8BBEB7176C5}.Debug|Any CPU.Build.0 = Debug|Any CPU
		{FAC514E7-558C-40A7-A180-C8BBEB7176C5}.Release|Any CPU.ActiveCfg = Release|Any CPU
		{FAC514E7-558C-40A7-A180-C8BBEB7176C5}.Release|Any CPU.Build.0 = Release|Any CPU
		{D9928D87-1A9C-4A64-81D8-E8381AF15FF8}.Debug|Any CPU.ActiveCfg = Debug|Any CPU
		{D9928D87-1A9C-4A64-81D8-E8381AF15FF8}.Debug|Any CPU.Build.0 = Debug|Any CPU
		{D9928D87-1A9C-4A64-81D8-E8381AF15FF8}.Release|Any CPU.ActiveCfg = Release|Any CPU
		{D9928D87-1A9C-4A64-81D8-E8381AF15FF8}.Release|Any CPU.Build.0 = Release|Any CPU
	EndGlobalSection
	GlobalSection(SolutionProperties) = preSolution
		HideSolutionNode = FALSE
	EndGlobalSection
	GlobalSection(ExtensibilityGlobals) = postSolution
		SolutionGuid = {D6960F45-65B3-4BA3-A602-7AF944C37516}
	EndGlobalSection
EndGlobal
